
Microsoft Visual Studio Solution File, Format Version 12.00
# Visual Studio Version 16
VisualStudioVersion = 16.0.810.23
MinimumVisualStudioVersion = 10.0.40219.1
Project("{FAE04EC0-301F-11D3-BF4B-00C04F79EFBC}") = "demoapp", "demoapp\demoapp.csproj", "{804A8458-8824-43EA-9CA4-885606F7EB20}"
EndProject
Global
	GlobalSection(SolutionConfigurationPlatforms) = preSolution
		Debug|Any CPU = Debug|Any CPU
		Release|Any CPU = Release|Any CPU
	EndGlobalSection
	GlobalSection(ProjectConfigurationPlatforms) = postSolution
		{804A8458-8824-43EA-9CA4-885606F7EB20}.Debug|Any CPU.ActiveCfg = Debug|Any CPU
		{804A8458-8824-43EA-9CA4-885606F7EB20}.Debug|Any CPU.Build.0 = Debug|Any CPU
		{804A8458-8824-43EA-9CA4-885606F7EB20}.Release|Any CPU.ActiveCfg = Release|Any CPU
		{804A8458-8824-43EA-9CA4-885606F7EB20}.Release|Any CPU.Build.0 = Release|Any CPU
	EndGlobalSection
	GlobalSection(SolutionProperties) = preSolution
		HideSolutionNode = FALSE
	EndGlobalSection
	GlobalSection(ExtensibilityGlobals) = postSolution
		SolutionGuid = {5C84A9E2-7542-40EC-8519-FB522AF9AD7C}
	EndGlobalSection
EndGlobal
